{
  "lockfileVersion": 1,
  "configVersion": 1,
  "workspaces": {
    "": {
      "name": "vivim-omega",
      "dependencies": {
        "zod": "^4.6.2",
      },
    },
    "contracts": {
      "name": "@vivim/omega-contracts",
      "version": "0.1.0",
    },
    "examples/plugin-counter": {
      "name": "@vivim/plugin-plugin-counter",
      "version": "0.1.0",
      "dependencies": {
        "@vivim/omega-contracts": "workspace:*",
        "@vivim/omega-shim": "workspace:*",
      },
    },
    "examples/plugin-crashy": {
      "name": "@vivim/plugin-plugin-crashy",
      "version": "0.1.0",
      "dependencies": {
        "@vivim/omega-contracts": "workspace:*",
        "@vivim/omega-shim": "workspace:*",
      },
    },
    "examples/plugin-echo": {
      "name": "@vivim/plugin-plugin-echo",
      "version": "0.1.0",
      "dependencies": {
        "@vivim/omega-contracts": "workspace:*",
        "@vivim/omega-shim": "workspace:*",
      },
    },
    "examples/plugin-notes": {
      "name": "@vivim/plugin-plugin-notes",
      "version": "0.1.0",
      "dependencies": {
        "@vivim/omega-contracts": "workspace:*",
        "@vivim/omega-shim": "workspace:*",
      },
    },
    "examples/plugin-risky": {
      "name": "@vivim/plugin-plugin-risky",
      "version": "0.1.0",
      "dependencies": {
        "@vivim/omega-contracts": "workspace:*",
        "@vivim/omega-shim": "workspace:*",
      },
    },
    "host": {
      "name": "@vivim/omega-host",
      "version": "0.1.0",
      "dependencies": {
        "@vivim/omega-contracts": "workspace:*",
      },
    },
    "packs/domain-email": {
      "name": "@vivim/pack-domain-email",
      "version": "0.1.0",
      "dependencies": {
        "@vivim/omega-contracts": "workspace:*",
        "@vivim/omega-host": "workspace:*",
        "@vivim/omega-shim": "workspace:*",
      },
    },
    "plugins/discovery-healing": {
      "name": "@vivim/plugin-discovery-healing",
      "version": "0.1.0",
      "dependencies": {
        "@vivim/omega-contracts": "workspace:*",
        "@vivim/omega-host": "workspace:*",
        "@vivim/omega-shim": "workspace:*",
      },
      "devDependencies": {
        "@vivim/omega-sdk": "workspace:*",
        "@vivim/omega-testkit": "workspace:*",
      },
    },
    "plugins/discovery-inference": {
      "name": "@vivim/plugin-discovery-inference",
      "version": "0.1.0",
      "dependencies": {
        "@vivim/omega-contracts": "workspace:*",
        "@vivim/omega-host": "workspace:*",
        "@vivim/omega-shim": "workspace:*",
      },
    },
    "plugins/discovery-mapping": {
      "name": "@vivim/plugin-discovery-mapping",
      "version": "0.1.0",
      "dependencies": {
        "@vivim/omega-contracts": "workspace:*",
        "@vivim/omega-host": "workspace:*",
        "@vivim/omega-shim": "workspace:*",
      },
    },
    "plugins/discovery-observation": {
      "name": "@vivim/plugin-discovery-observation",
      "version": "0.1.0",
      "dependencies": {
        "@vivim/omega-contracts": "workspace:*",
        "@vivim/omega-host": "workspace:*",
        "@vivim/omega-shim": "workspace:*",
      },
    },
    "plugins/discovery-perception": {
      "name": "@vivim/plugin-discovery-perception",
      "version": "0.1.0",
      "dependencies": {
        "@vivim/omega-contracts": "workspace:*",
        "@vivim/omega-host": "workspace:*",
        "@vivim/omega-shim": "workspace:*",
      },
    },
    "plugins/discovery-verification": {
      "name": "@vivim/plugin-discovery-verification",
      "version": "0.1.0",
      "dependencies": {
        "@vivim/omega-contracts": "workspace:*",
        "@vivim/omega-host": "workspace:*",
        "@vivim/omega-shim": "workspace:*",
      },
    },
    "plugins/law-stub": {
      "name": "@vivim/plugin-law-stub",
      "version": "0.1.0",
      "dependencies": {
        "@vivim/omega-contracts": "workspace:*",
        "@vivim/omega-shim": "workspace:*",
      },
    },
    "plugins/provider-email-file": {
      "name": "@vivim/plugins-provider-email-file",
      "version": "0.1.0",
      "dependencies": {
        "@vivim/omega-contracts": "workspace:*",
        "@vivim/omega-host": "workspace:*",
        "@vivim/omega-shim": "workspace:*",
      },
    },
    "plugins/provider-llm": {
      "name": "@vivim/plugins-provider-llm",
      "version": "0.1.0",
      "dependencies": {
        "@vivim/omega-contracts": "workspace:*",
        "@vivim/omega-host": "workspace:*",
        "@vivim/omega-shim": "workspace:*",
      },
    },
    "plugins/vivim-director": {
      "name": "@vivim/plugins-vivim-director",
      "version": "0.1.0",
      "dependencies": {
        "@vivim/omega-contracts": "workspace:*",
        "@vivim/omega-host": "workspace:*",
        "@vivim/omega-nlcl-pure": "workspace:*",
        "@vivim/omega-sdk": "workspace:*",
        "@vivim/omega-shim": "workspace:*",
      },
    },
    "plugins/vivim-law": {
      "name": "@vivim/plugin-vivim-law",
      "version": "0.1.0",
      "dependencies": {
        "@vivim/omega-contracts": "workspace:*",
        "@vivim/omega-host": "workspace:*",
        "@vivim/omega-shim": "workspace:*",
      },
    },
    "plugins/vivim-mind": {
      "name": "@vivim/plugins-vivim-mind",
      "version": "0.1.0",
      "dependencies": {
        "@vivim/omega-contracts": "workspace:*",
        "@vivim/omega-host": "workspace:*",
        "@vivim/omega-nlcl-pure": "workspace:*",
        "@vivim/omega-sdk": "workspace:*",
        "@vivim/omega-shim": "workspace:*",
      },
    },
    "plugins/vivim-nlcl": {
      "name": "@vivim/plugins-vivim-nlcl",
      "version": "0.1.0",
      "dependencies": {
        "@vivim/omega-contracts": "workspace:*",
        "@vivim/omega-host": "workspace:*",
        "@vivim/omega-nlcl-pure": "workspace:*",
        "@vivim/omega-sdk": "workspace:*",
        "@vivim/omega-shim": "workspace:*",
      },
    },
    "plugins/vivim-nlcl-pure": {
      "name": "@vivim/omega-nlcl-pure",
      "version": "0.1.0",
    },
    "plugins/vivim-run": {
      "name": "@vivim/plugin-vivim-run",
      "version": "0.1.0",
      "dependencies": {
        "@vivim/omega-contracts": "workspace:*",
        "@vivim/omega-host": "workspace:*",
        "@vivim/omega-shim": "workspace:*",
      },
    },
    "plugins/vivim-vault": {
      "name": "@vivim/plugin-vivim-vault",
      "version": "0.1.0",
      "dependencies": {
        "@vivim/omega-contracts": "workspace:*",
        "@vivim/omega-host": "workspace:*",
        "@vivim/omega-shim": "workspace:*",
      },
    },
    "sdk": {
      "name": "@vivim/omega-sdk",
      "version": "0.1.0",
      "dependencies": {
        "@vivim/omega-contracts": "workspace:*",
        "@vivim/omega-host": "workspace:*",
        "zod": "^4.6.2",
      },
    },
    "shim": {
      "name": "@vivim/omega-shim",
      "version": "0.1.0",
      "dependencies": {
        "@vivim/omega-contracts": "workspace:*",
      },
    },
    "surfaces/cli": {
      "name": "@vivim/surfaces-cli",
      "version": "0.1.0",
      "dependencies": {
        "@vivim/omega-contracts": "workspace:*",
        "@vivim/omega-host": "workspace:*",
        "@vivim/omega-shim": "workspace:*",
      },
    },
    "surfaces/mcp": {
      "name": "@vivim/surfaces-mcp",
      "version": "0.1.0",
      "dependencies": {
        "@vivim/omega-contracts": "workspace:*",
        "@vivim/omega-host": "workspace:*",
        "@vivim/omega-shim": "workspace:*",
      },
    },
    "testkit": {
      "name": "@vivim/omega-testkit",
      "version": "0.1.0",
      "dependencies": {
        "@vivim/omega-contracts": "workspace:*",
        "@vivim/omega-host": "workspace:*",
        "@vivim/omega-sdk": "workspace:*",
        "@vivim/omega-shim": "workspace:*",
        "zod": "^4.6.2",
      },
    },
    "tooling": {
      "name": "@vivim/omega-tooling",
      "version": "0.1.0",
      "dependencies": {
        "@vivim/omega-contracts": "workspace:*",
        "@vivim/omega-host": "workspace:*",
        "@vivim/omega-sdk": "workspace:*",
        "@vivim/omega-shim": "workspace:*",
        "@vivim/omega-testkit": "workspace:*",
      },
    },
  },
  "packages": {
    "@vivim/omega-contracts": ["@vivim/omega-contracts@workspace:contracts"],

    "@vivim/omega-host": ["@vivim/omega-host@workspace:host"],

    "@vivim/omega-nlcl-pure": ["@vivim/omega-nlcl-pure@workspace:plugins/vivim-nlcl-pure"],

    "@vivim/omega-sdk": ["@vivim/omega-sdk@workspace:sdk"],

    "@vivim/omega-shim": ["@vivim/omega-shim@workspace:shim"],

    "@vivim/omega-testkit": ["@vivim/omega-testkit@workspace:testkit"],

    "@vivim/omega-tooling": ["@vivim/omega-tooling@workspace:tooling"],

    "@vivim/pack-domain-email": ["@vivim/pack-domain-email@workspace:packs/domain-email"],

    "@vivim/plugin-discovery-healing": ["@vivim/plugin-discovery-healing@workspace:plugins/discovery-healing"],

    "@vivim/plugin-discovery-inference": ["@vivim/plugin-discovery-inference@workspace:plugins/discovery-inference"],

    "@vivim/plugin-discovery-mapping": ["@vivim/plugin-discovery-mapping@workspace:plugins/discovery-mapping"],

    "@vivim/plugin-discovery-observation": ["@vivim/plugin-discovery-observation@workspace:plugins/discovery-observation"],

    "@vivim/plugin-discovery-perception": ["@vivim/plugin-discovery-perception@workspace:plugins/discovery-perception"],

    "@vivim/plugin-discovery-verification": ["@vivim/plugin-discovery-verification@workspace:plugins/discovery-verification"],

    "@vivim/plugin-law-stub": ["@vivim/plugin-law-stub@workspace:plugins/law-stub"],

    "@vivim/plugin-plugin-counter": ["@vivim/plugin-plugin-counter@workspace:examples/plugin-counter"],

    "@vivim/plugin-plugin-crashy": ["@vivim/plugin-plugin-crashy@workspace:examples/plugin-crashy"],

    "@vivim/plugin-plugin-echo": ["@vivim/plugin-plugin-echo@workspace:examples/plugin-echo"],

    "@vivim/plugin-plugin-notes": ["@vivim/plugin-plugin-notes@workspace:examples/plugin-notes"],

    "@vivim/plugin-plugin-risky": ["@vivim/plugin-plugin-risky@workspace:examples/plugin-risky"],

    "@vivim/plugin-vivim-law": ["@vivim/plugin-vivim-law@workspace:plugins/vivim-law"],

    "@vivim/plugin-vivim-run": ["@vivim/plugin-vivim-run@workspace:plugins/vivim-run"],

    "@vivim/plugin-vivim-vault": ["@vivim/plugin-vivim-vault@workspace:plugins/vivim-vault"],

    "@vivim/plugins-provider-email-file": ["@vivim/plugins-provider-email-file@workspace:plugins/provider-email-file"],

    "@vivim/plugins-provider-llm": ["@vivim/plugins-provider-llm@workspace:plugins/provider-llm"],

    "@vivim/plugins-vivim-director": ["@vivim/plugins-vivim-director@workspace:plugins/vivim-director"],

    "@vivim/plugins-vivim-mind": ["@vivim/plugins-vivim-mind@workspace:plugins/vivim-mind"],

    "@vivim/plugins-vivim-nlcl": ["@vivim/plugins-vivim-nlcl@workspace:plugins/vivim-nlcl"],

    "@vivim/surfaces-cli": ["@vivim/surfaces-cli@workspace:surfaces/cli"],

    "@vivim/surfaces-mcp": ["@vivim/surfaces-mcp@workspace:surfaces/mcp"],

    "zod": ["zod@4.6.2", "", {}, "sha512-lh5RCAGFa1Cm2hjtNwLQhSs/AsqdWnTQaBER9fEwN/88pSh7KOtJavtBx/0VlkN/uFd61SwYmljLMDAsHlvzBQ=="],
  }
}
