{
  "lockfileVersion": 1,
  "configVersion": 1,
  "workspaces": {
    "": {
      "name": "vivim-omega",
      "dependencies": {
        "zod": "^4.6.2",
      },
    },
    "contracts": {
      "name": "@vivim/omega-contracts",
      "version": "0.1.0",
    },
    "examples/plugin-counter": {
      "name": "@vivim/plugin-plugin-counter",
      "version": "0.1.0",
      "dependencies": {
        "@vivim/omega-contracts": "workspace:*",
        "@vivim/omega-shim": "workspace:*",
      },
    },
    "examples/plugin-crashy": {
      "name": "@vivim/plugin-plugin-crashy",
      "version": "0.1.0",
      "dependencies": {
        "@vivim/omega-contracts": "workspace:*",
        "@vivim/omega-shim": "workspace:*",
      },
    },
    "examples/plugin-echo": {
      "name": "@vivim/plugin-plugin-echo",
      "version": "0.1.0",
      "dependencies": {
        "@vivim/omega-contracts": "workspace:*",
        "@vivim/omega-shim": "workspace:*",
      },
    },
    "examples/plugin-notes": {
      "name": "@vivim/plugin-plugin-notes",
      "version": "0.1.0",
      "dependencies": {
        "@vivim/omega-contracts": "workspace:*",
        "@vivim/omega-platform": "workspace:*",
        "@vivim/omega-shim": "workspace:*",
      },
    },
    "examples/plugin-risky": {
      "name": "@vivim/plugin-plugin-risky",
      "version": "0.1.0",
      "dependencies": {
        "@vivim/omega-contracts": "workspace:*",
        "@vivim/omega-shim": "workspace:*",
      },
    },
    "host": {
      "name": "@vivim/omega-host",
      "version": "0.1.0",
      "dependencies": {
        "@vivim/omega-contracts": "workspace:*",
        "@vivim/omega-platform": "workspace:*",
      },
    },
    "packs/domain-email": {
      "name": "@vivim/pack-domain-email",
      "version": "0.1.0",
      "dependencies": {
        "@vivim/omega-contracts": "workspace:*",
        "@vivim/omega-host": "workspace:*",
        "@vivim/omega-shim": "workspace:*",
      },
    },
    "packs/domain-import": {
      "name": "@vivim/pack-domain-import",
      "version": "0.1.0",
      "dependencies": {
        "@vivim/omega-contracts": "workspace:*",
        "@vivim/omega-host": "workspace:*",
        "@vivim/omega-shim": "workspace:*",
      },
    },
    "platform": {
      "name": "@vivim/omega-platform",
      "version": "0.1.0",
    },
    "plugins/discovery-healing": {
      "name": "@vivim/plugin-discovery-healing",
      "version": "0.1.0",
      "dependencies": {
        "@vivim/omega-contracts": "workspace:*",
        "@vivim/omega-host": "workspace:*",
        "@vivim/omega-platform": "workspace:*",
        "@vivim/omega-shim": "workspace:*",
      },
      "devDependencies": {
        "@vivim/omega-sdk": "workspace:*",
        "@vivim/omega-testkit": "workspace:*",
      },
    },
    "plugins/discovery-inference": {
      "name": "@vivim/plugin-discovery-inference",
      "version": "0.1.0",
      "dependencies": {
        "@vivim/omega-contracts": "workspace:*",
        "@vivim/omega-host": "workspace:*",
        "@vivim/omega-platform": "workspace:*",
        "@vivim/omega-shim": "workspace:*",
      },
    },
    "plugins/discovery-mapping": {
      "name": "@vivim/plugin-discovery-mapping",
      "version": "0.1.0",
      "dependencies": {
        "@vivim/omega-contracts": "workspace:*",
        "@vivim/omega-host": "workspace:*",
        "@vivim/omega-shim": "workspace:*",
      },
    },
    "plugins/discovery-observation": {
      "name": "@vivim/plugin-discovery-observation",
      "version": "0.1.0",
      "dependencies": {
        "@vivim/omega-contracts": "workspace:*",
        "@vivim/omega-host": "workspace:*",
        "@vivim/omega-platform": "workspace:*",
        "@vivim/omega-shim": "workspace:*",
      },
    },
    "plugins/discovery-perception": {
      "name": "@vivim/plugin-discovery-perception",
      "version": "0.1.0",
      "dependencies": {
        "@vivim/omega-contracts": "workspace:*",
        "@vivim/omega-host": "workspace:*",
        "@vivim/omega-platform": "workspace:*",
        "@vivim/omega-shim": "workspace:*",
      },
    },
    "plugins/discovery-verification": {
      "name": "@vivim/plugin-discovery-verification",
      "version": "0.1.0",
      "dependencies": {
        "@vivim/omega-contracts": "workspace:*",
        "@vivim/omega-host": "workspace:*",
        "@vivim/omega-shim": "workspace:*",
      },
    },
    "plugins/law-stub": {
      "name": "@vivim/plugin-law-stub",
      "version": "0.1.0",
      "dependencies": {
        "@vivim/omega-contracts": "workspace:*",
        "@vivim/omega-shim": "workspace:*",
      },
    },
    "plugins/provider-browser": {
      "name": "@vivim/plugin-provider-browser",
      "version": "0.1.0",
      "dependencies": {
        "@vivim/omega-contracts": "workspace:*",
        "@vivim/omega-platform": "workspace:*",
        "@vivim/omega-shim": "workspace:*",
      },
      "devDependencies": {
        "@vivim/omega-host": "workspace:*",
        "@vivim/omega-sdk": "workspace:*",
      },
    },
    "plugins/provider-email-file": {
      "name": "@vivim/plugins-provider-email-file",
      "version": "0.1.0",
      "dependencies": {
        "@vivim/omega-contracts": "workspace:*",
        "@vivim/omega-host": "workspace:*",
        "@vivim/omega-platform": "workspace:*",
        "@vivim/omega-shim": "workspace:*",
      },
    },
    "plugins/provider-llm": {
      "name": "@vivim/plugins-provider-llm",
      "version": "0.1.0",
      "dependencies": {
        "@vivim/omega-contracts": "workspace:*",
        "@vivim/omega-host": "workspace:*",
        "@vivim/omega-platform": "workspace:*",
        "@vivim/omega-shim": "workspace:*",
      },
    },
    "plugins/vivim-agent": {
      "name": "@vivim/plugins-vivim-agent",
      "version": "0.1.0",
      "dependencies": {
        "@vivim/omega-contracts": "workspace:*",
        "@vivim/omega-platform": "workspace:*",
        "@vivim/omega-shim": "workspace:*",
      },
      "devDependencies": {
        "@vivim/omega-host": "workspace:*",
        "@vivim/omega-sdk": "workspace:*",
        "@vivim/omega-testkit": "workspace:*",
      },
    },
    "plugins/vivim-chat": {
      "name": "@vivim/plugin-vivim-chat",
      "version": "0.1.0",
      "dependencies": {
        "@vivim/omega-contracts": "workspace:*",
        "@vivim/omega-platform": "workspace:*",
        "@vivim/omega-shim": "workspace:*",
      },
      "devDependencies": {
        "@vivim/omega-host": "workspace:*",
        "@vivim/omega-sdk": "workspace:*",
      },
    },
    "plugins/vivim-credentials": {
      "name": "@vivim/plugin-vivim-credentials",
      "version": "0.1.0",
      "dependencies": {
        "@vivim/omega-contracts": "workspace:*",
        "@vivim/omega-platform": "workspace:*",
        "@vivim/omega-shim": "workspace:*",
      },
      "devDependencies": {
        "@vivim/omega-host": "workspace:*",
        "@vivim/omega-sdk": "workspace:*",
      },
    },
    "plugins/vivim-director": {
      "name": "@vivim/plugins-vivim-director",
      "version": "0.1.0",
      "dependencies": {
        "@vivim/omega-contracts": "workspace:*",
        "@vivim/omega-host": "workspace:*",
        "@vivim/omega-nlcl-pure": "workspace:*",
        "@vivim/omega-platform": "workspace:*",
        "@vivim/omega-sdk": "workspace:*",
        "@vivim/omega-shim": "workspace:*",
      },
    },
    "plugins/vivim-intent": {
      "name": "@vivim/plugins-vivim-intent",
      "version": "0.1.0",
      "dependencies": {
        "@vivim/omega-contracts": "workspace:*",
        "@vivim/omega-shim": "workspace:*",
      },
    },
    "plugins/vivim-kernel-lens": {
      "name": "@vivim/plugins-vivim-kernel-lens",
      "version": "0.1.0",
      "dependencies": {
        "@vivim/omega-contracts": "workspace:*",
        "@vivim/omega-shim": "workspace:*",
      },
    },
    "plugins/vivim-law": {
      "name": "@vivim/plugin-vivim-law",
      "version": "0.1.0",
      "dependencies": {
        "@vivim/omega-contracts": "workspace:*",
        "@vivim/omega-host": "workspace:*",
        "@vivim/omega-platform": "workspace:*",
        "@vivim/omega-shim": "workspace:*",
      },
    },
    "plugins/vivim-mind": {
      "name": "@vivim/plugins-vivim-mind",
      "version": "0.1.0",
      "dependencies": {
        "@vivim/omega-contracts": "workspace:*",
        "@vivim/omega-host": "workspace:*",
        "@vivim/omega-nlcl-pure": "workspace:*",
        "@vivim/omega-platform": "workspace:*",
        "@vivim/omega-sdk": "workspace:*",
        "@vivim/omega-shim": "workspace:*",
      },
    },
    "plugins/vivim-nlcl": {
      "name": "@vivim/plugins-vivim-nlcl",
      "version": "0.1.0",
      "dependencies": {
        "@vivim/omega-contracts": "workspace:*",
        "@vivim/omega-host": "workspace:*",
        "@vivim/omega-nlcl-pure": "workspace:*",
        "@vivim/omega-sdk": "workspace:*",
        "@vivim/omega-shim": "workspace:*",
      },
    },
    "plugins/vivim-nlcl-pure": {
      "name": "@vivim/omega-nlcl-pure",
      "version": "0.1.0",
    },
    "plugins/vivim-providers": {
      "name": "@vivim/plugin-vivim-providers",
      "version": "0.1.0",
      "dependencies": {
        "@vivim/omega-contracts": "workspace:*",
        "@vivim/omega-host": "workspace:*",
        "@vivim/omega-platform": "workspace:*",
        "@vivim/omega-shim": "workspace:*",
      },
      "devDependencies": {
        "@vivim/omega-sdk": "workspace:*",
        "@vivim/omega-testkit": "workspace:*",
      },
    },
    "plugins/vivim-run": {
      "name": "@vivim/plugin-vivim-run",
      "version": "0.1.0",
      "dependencies": {
        "@vivim/omega-contracts": "workspace:*",
        "@vivim/omega-host": "workspace:*",
        "@vivim/omega-platform": "workspace:*",
        "@vivim/omega-shim": "workspace:*",
      },
    },
    "plugins/vivim-vault": {
      "name": "@vivim/plugin-vivim-vault",
      "version": "0.1.0",
      "dependencies": {
        "@vivim/omega-contracts": "workspace:*",
        "@vivim/omega-host": "workspace:*",
        "@vivim/omega-platform": "workspace:*",
        "@vivim/omega-shim": "workspace:*",
      },
    },
    "sdk": {
      "name": "@vivim/omega-sdk",
      "version": "0.1.0",
      "dependencies": {
        "@vivim/omega-contracts": "workspace:*",
        "@vivim/omega-host": "workspace:*",
        "@vivim/omega-platform": "workspace:*",
        "zod": "^4.6.2",
      },
    },
    "shim": {
      "name": "@vivim/omega-shim",
      "version": "0.1.0",
      "dependencies": {
        "@vivim/omega-contracts": "workspace:*",
      },
    },
    "surfaces/cli": {
      "name": "@vivim/surfaces-cli",
      "version": "0.1.0",
      "dependencies": {
        "@vivim/daemon-client": "workspace:*",
        "@vivim/omega-contracts": "workspace:*",
        "@vivim/omega-host": "workspace:*",
        "@vivim/omega-platform": "workspace:*",
        "@vivim/omega-shim": "workspace:*",
      },
    },
    "surfaces/daemon": {
      "name": "@vivim/surfaces-daemon",
      "version": "0.1.0",
      "dependencies": {
        "@vivim/daemon-client": "workspace:*",
        "@vivim/omega-contracts": "workspace:*",
        "@vivim/omega-host": "workspace:*",
        "@vivim/omega-platform": "workspace:*",
        "@vivim/omega-shim": "workspace:*",
      },
    },
    "surfaces/daemon-client": {
      "name": "@vivim/daemon-client",
      "version": "0.1.0",
    },
    "surfaces/mcp": {
      "name": "@vivim/surfaces-mcp",
      "version": "0.1.0",
      "dependencies": {
        "@vivim/omega-contracts": "workspace:*",
        "@vivim/omega-host": "workspace:*",
        "@vivim/omega-platform": "workspace:*",
        "@vivim/omega-shim": "workspace:*",
      },
    },
    "surfaces/web": {
      "name": "@vivim/surfaces-web",
      "version": "0.1.0",
      "dependencies": {
        "@vivim/omega-contracts": "workspace:*",
        "@vivim/omega-host": "workspace:*",
        "@vivim/omega-nlcl-pure": "workspace:*",
        "@vivim/omega-platform": "workspace:*",
        "socket.io": "^4.8.3",
      },
      "devDependencies": {
        "socket.io-client": "^4.8.3",
      },
    },
    "testkit": {
      "name": "@vivim/omega-testkit",
      "version": "0.1.0",
      "dependencies": {
        "@vivim/omega-contracts": "workspace:*",
        "@vivim/omega-host": "workspace:*",
        "@vivim/omega-platform": "workspace:*",
        "@vivim/omega-sdk": "workspace:*",
        "@vivim/omega-shim": "workspace:*",
        "zod": "^4.6.2",
      },
    },
    "tooling": {
      "name": "@vivim/omega-tooling",
      "version": "0.1.0",
      "dependencies": {
        "@vivim/daemon-client": "workspace:*",
        "@vivim/omega-contracts": "workspace:*",
        "@vivim/omega-host": "workspace:*",
        "@vivim/omega-platform": "workspace:*",
        "@vivim/omega-sdk": "workspace:*",
        "@vivim/omega-shim": "workspace:*",
        "@vivim/omega-testkit": "workspace:*",
        "@vivim/plugin-vivim-law": "workspace:*",
        "@vivim/surfaces-daemon": "workspace:*",
      },
    },
  },
  "packages": {
    "@socket.io/component-emitter": ["@socket.io/component-emitter@3.1.2", "", {}, "sha512-9BCxFwvbGg/RsZK9tjXd8s4UcwR0MWeFQ1XEKIQVVvAGJyINdrqKMcTRyLoK8Rse1GjzLV9cwjWV1olXRWEXVA=="],

    "@types/cors": ["@types/cors@2.8.19", "", { "dependencies": { "@types/node": "*" } }, "sha512-mFNylyeyqN93lfe/9CSxOGREz8cpzAhH+E93xJ4xWQf62V8sQ/24reV2nyzUWM6H6Xji+GGHpkbLe7pVoUEskg=="],

    "@types/node": ["@types/node@22.20.2", "", { "dependencies": { "undici-types": "~6.21.0" } }, "sha512-xlvWf4Vs9n1PEVYwP1n4vvG07M6y8WgvJ2t0vbrWTmijsIHp1cS+uJ2kMIRdY3nHZK0nCYKrPeD171+SzF4/zw=="],

    "@types/ws": ["@types/ws@8.18.1", "", { "dependencies": { "@types/node": "*" } }, "sha512-ThVF6DCVhA8kUGy+aazFQ4kXQ7E1Ty7A3ypFOe0IcJV8O/M511G99AW24irKrW56Wt44yG9+ij8FaqoBGkuBXg=="],

    "@vivim/daemon-client": ["@vivim/daemon-client@workspace:surfaces/daemon-client"],

    "@vivim/omega-contracts": ["@vivim/omega-contracts@workspace:contracts"],

    "@vivim/omega-host": ["@vivim/omega-host@workspace:host"],

    "@vivim/omega-nlcl-pure": ["@vivim/omega-nlcl-pure@workspace:plugins/vivim-nlcl-pure"],

    "@vivim/omega-platform": ["@vivim/omega-platform@workspace:platform"],

    "@vivim/omega-sdk": ["@vivim/omega-sdk@workspace:sdk"],

    "@vivim/omega-shim": ["@vivim/omega-shim@workspace:shim"],

    "@vivim/omega-testkit": ["@vivim/omega-testkit@workspace:testkit"],

    "@vivim/omega-tooling": ["@vivim/omega-tooling@workspace:tooling"],

    "@vivim/pack-domain-email": ["@vivim/pack-domain-email@workspace:packs/domain-email"],

    "@vivim/pack-domain-import": ["@vivim/pack-domain-import@workspace:packs/domain-import"],

    "@vivim/plugin-discovery-healing": ["@vivim/plugin-discovery-healing@workspace:plugins/discovery-healing"],

    "@vivim/plugin-discovery-inference": ["@vivim/plugin-discovery-inference@workspace:plugins/discovery-inference"],

    "@vivim/plugin-discovery-mapping": ["@vivim/plugin-discovery-mapping@workspace:plugins/discovery-mapping"],

    "@vivim/plugin-discovery-observation": ["@vivim/plugin-discovery-observation@workspace:plugins/discovery-observation"],

    "@vivim/plugin-discovery-perception": ["@vivim/plugin-discovery-perception@workspace:plugins/discovery-perception"],

    "@vivim/plugin-discovery-verification": ["@vivim/plugin-discovery-verification@workspace:plugins/discovery-verification"],

    "@vivim/plugin-law-stub": ["@vivim/plugin-law-stub@workspace:plugins/law-stub"],

    "@vivim/plugin-plugin-counter": ["@vivim/plugin-plugin-counter@workspace:examples/plugin-counter"],

    "@vivim/plugin-plugin-crashy": ["@vivim/plugin-plugin-crashy@workspace:examples/plugin-crashy"],

    "@vivim/plugin-plugin-echo": ["@vivim/plugin-plugin-echo@workspace:examples/plugin-echo"],

    "@vivim/plugin-plugin-notes": ["@vivim/plugin-plugin-notes@workspace:examples/plugin-notes"],

    "@vivim/plugin-plugin-risky": ["@vivim/plugin-plugin-risky@workspace:examples/plugin-risky"],

    "@vivim/plugin-provider-browser": ["@vivim/plugin-provider-browser@workspace:plugins/provider-browser"],

    "@vivim/plugin-vivim-chat": ["@vivim/plugin-vivim-chat@workspace:plugins/vivim-chat"],

    "@vivim/plugin-vivim-credentials": ["@vivim/plugin-vivim-credentials@workspace:plugins/vivim-credentials"],

    "@vivim/plugin-vivim-law": ["@vivim/plugin-vivim-law@workspace:plugins/vivim-law"],

    "@vivim/plugin-vivim-providers": ["@vivim/plugin-vivim-providers@workspace:plugins/vivim-providers"],

    "@vivim/plugin-vivim-run": ["@vivim/plugin-vivim-run@workspace:plugins/vivim-run"],

    "@vivim/plugin-vivim-vault": ["@vivim/plugin-vivim-vault@workspace:plugins/vivim-vault"],

    "@vivim/plugins-provider-email-file": ["@vivim/plugins-provider-email-file@workspace:plugins/provider-email-file"],

    "@vivim/plugins-provider-llm": ["@vivim/plugins-provider-llm@workspace:plugins/provider-llm"],

    "@vivim/plugins-vivim-agent": ["@vivim/plugins-vivim-agent@workspace:plugins/vivim-agent"],

    "@vivim/plugins-vivim-director": ["@vivim/plugins-vivim-director@workspace:plugins/vivim-director"],

    "@vivim/plugins-vivim-intent": ["@vivim/plugins-vivim-intent@workspace:plugins/vivim-intent"],

    "@vivim/plugins-vivim-kernel-lens": ["@vivim/plugins-vivim-kernel-lens@workspace:plugins/vivim-kernel-lens"],

    "@vivim/plugins-vivim-mind": ["@vivim/plugins-vivim-mind@workspace:plugins/vivim-mind"],

    "@vivim/plugins-vivim-nlcl": ["@vivim/plugins-vivim-nlcl@workspace:plugins/vivim-nlcl"],

    "@vivim/surfaces-cli": ["@vivim/surfaces-cli@workspace:surfaces/cli"],

    "@vivim/surfaces-daemon": ["@vivim/surfaces-daemon@workspace:surfaces/daemon"],

    "@vivim/surfaces-mcp": ["@vivim/surfaces-mcp@workspace:surfaces/mcp"],

    "@vivim/surfaces-web": ["@vivim/surfaces-web@workspace:surfaces/web"],

    "accepts": ["accepts@1.3.8", "", { "dependencies": { "mime-types": "~2.1.34", "negotiator": "0.6.3" } }, "sha512-PYAthTa2m2VKxuvSD3DPC/Gy+U+sOA1LAuT8mkmRuvw+NACSaeXEQ+NHcVF7rONl6qcaxV3Uuemwawk+7+SJLw=="],

    "base64id": ["base64id@2.0.0", "", {}, "sha512-lGe34o6EHj9y3Kts9R4ZYs/Gr+6N7MCaMlIFA3F1R2O5/m7K06AxfSeO5530PEERE6/WyEg3lsuyw4GHlPZHog=="],

    "cookie": ["cookie@0.7.2", "", {}, "sha512-yki5XnKuf750l50uGTllt6kKILY4nQ1eNIQatoXEByZ5dWgnKqbnqmTrBE5B4N7lrMJKQ2ytWMiTO2o0v6Ew/w=="],

    "cors": ["cors@2.8.6", "", { "dependencies": { "object-assign": "^4", "vary": "^1" } }, "sha512-tJtZBBHA6vjIAaF6EnIaq6laBBP9aq/Y3ouVJjEfoHbRBcHBAHYcMh/w8LDrk2PvIMMq8gmopa5D4V8RmbrxGw=="],

    "debug": ["debug@4.4.3", "", { "dependencies": { "ms": "^2.1.3" }, "peerDependencies": { "supports-color": "*" }, "optionalPeers": ["supports-color"] }, "sha512-RGwwWnwQvkVfavKVt22FGLw+xYSdzARwm0ru6DhTVA3umU5hZc28V3kO4stgYryrTlLpuvgI9GiijltAjNbcqA=="],

    "engine.io": ["engine.io@6.6.10", "", { "dependencies": { "@types/cors": "^2.8.12", "@types/node": ">=10.0.0", "@types/ws": "^8.5.12", "accepts": "~1.3.4", "cookie": "~0.7.2", "cors": "~2.8.5", "debug": "~4.4.1", "engine.io-parser": "~5.2.1", "ws": "~8.21.0" } }, "sha512-9/lX2bdlizlCXMHRMOIm03VBQHQYC7VvydcxtTAUJRxNW1QzM/2PMFSmr6h/lCiMHcyCP6abK+t9Q+j4vekk8Q=="],

    "engine.io-client": ["engine.io-client@6.6.6", "", { "dependencies": { "@socket.io/component-emitter": "~3.1.0", "debug": "~4.4.1", "engine.io-parser": "~5.2.1", "ws": "~8.21.0", "xmlhttprequest-ssl": "~2.1.1" } }, "sha512-iY6QdftLQ9pyiPoX082bpf/u1UewnOaJrtJIF9T0++QB34lZrj0uP+Q/bj8AlUsAxqhnkTV2BS8SBZSxOmoV5Q=="],

    "engine.io-parser": ["engine.io-parser@5.2.3", "", {}, "sha512-HqD3yTBfnBxIrbnM1DoD6Pcq8NECnh8d4As1Qgh0z5Gg3jRRIqijury0CL3ghu/edArpUYiYqQiDUQBIs4np3Q=="],

    "mime-db": ["mime-db@1.52.0", "", {}, "sha512-sPU4uV7dYlvtWJxwwxHD0PuihVNiE7TyAbQ5SWxDCB9mUYvOgroQOwYQQOKPJ8CIbE+1ETVlOoK1UC2nU3gYvg=="],

    "mime-types": ["mime-types@2.1.35", "", { "dependencies": { "mime-db": "1.52.0" } }, "sha512-ZDY+bPm5zTTF+YpCrAU9nK0UgICYPT0QtT1NZWFv4s++TNkcgVaT0g6+4R2uI4MjQjzysHB1zxuWL50hzaeXiw=="],

    "ms": ["ms@2.1.3", "", {}, "sha512-6FlzubTLZG3J2a/NVCAleEhjzq5oxgHyaCU9yYXvcLsvoVaHJq/s5xXI6/XXP6tz7R9xAOtHnSO/tXtF3WRTlA=="],

    "negotiator": ["negotiator@0.6.3", "", {}, "sha512-+EUsqGPLsM+j/zdChZjsnX51g4XrHFOIXwfnCVPGlQk/k5giakcKsuxCObBRu6DSm9opw/O6slWbJdghQM4bBg=="],

    "object-assign": ["object-assign@4.1.1", "", {}, "sha512-rJgTQnkUnH1sFw8yT6VSU3zD3sWmu6sZhIseY8VX+GRu3P6F7Fu+JNDoXfklElbLJSnc3FUQHVe4cU5hj+BcUg=="],

    "socket.io": ["socket.io@4.8.3", "", { "dependencies": { "accepts": "~1.3.4", "base64id": "~2.0.0", "cors": "~2.8.5", "debug": "~4.4.1", "engine.io": "~6.6.0", "socket.io-adapter": "~2.5.2", "socket.io-parser": "~4.2.4" } }, "sha512-2Dd78bqzzjE6KPkD5fHZmDAKRNe3J15q+YHDrIsy9WEkqttc7GY+kT9OBLSMaPbQaEd0x1BjcmtMtXkfpc+T5A=="],

    "socket.io-adapter": ["socket.io-adapter@2.5.8", "", { "dependencies": { "debug": "~4.4.1", "ws": "~8.21.0" } }, "sha512-6Oy52pbg+kvdCVvjcN+FnY7BvxZ7cIHNScbvztT/It5d0vbwoJoVZmF2gjJmnV0/4WlXRfG15zc45ySk9Ah8bw=="],

    "socket.io-client": ["socket.io-client@4.8.3", "", { "dependencies": { "@socket.io/component-emitter": "~3.1.0", "debug": "~4.4.1", "engine.io-client": "~6.6.1", "socket.io-parser": "~4.2.4" } }, "sha512-uP0bpjWrjQmUt5DTHq9RuoCBdFJF10cdX9X+a368j/Ft0wmaVgxlrjvK3kjvgCODOMMOz9lcaRzxmso0bTWZ/g=="],

    "socket.io-parser": ["socket.io-parser@4.2.7", "", { "dependencies": { "@socket.io/component-emitter": "~3.1.0", "debug": "~4.4.1" } }, "sha512-IH/iSeO9T6gz1KkFleGDWkG9N3dl4jXVYUtMhIqH10Md0ttMer8nUNWiP1DKuNrybD2xBrixLJdCC9J6ECoYkg=="],

    "undici-types": ["undici-types@6.21.0", "", {}, "sha512-iwDZqg0QAGrg9Rav5H4n0M64c3mkR59cJ6wQp+7C4nI0gsmExaedaYLNO44eT4AtBBwjbTiGPMlt2Md0T9H9JQ=="],

    "vary": ["vary@1.1.2", "", {}, "sha512-BNGbWLfd0eUPabhkXUVm0j8uuvREyTh5ovRa/dyow/BqAbZJyC+5fU+IzQOzmAKzYqYRAISoRhdQr3eIZ/PXqg=="],

    "ws": ["ws@8.21.3", "", { "peerDependencies": { "bufferutil": "^4.0.1", "utf-8-validate": ">=5.0.2" }, "optionalPeers": ["bufferutil", "utf-8-validate"] }, "sha512-201TZ/kPWxoPr/OKWjquZR1SWKXcvxdH+e1xrx89b3YbmzLMFCLfnaG1HFIgWzJOEWZ7MvpK++odZufgYR50Rw=="],

    "xmlhttprequest-ssl": ["xmlhttprequest-ssl@2.1.2", "", {}, "sha512-TEU+nJVUUnA4CYJFLvK5X9AOeH4KvDvhIfm0vV1GaQRtchnG0hgK5p8hw/xjv8cunWYCsiPCSDzObPyhEwq3KQ=="],

    "zod": ["zod@4.6.2", "", {}, "sha512-lh5RCAGFa1Cm2hjtNwLQhSs/AsqdWnTQaBER9fEwN/88pSh7KOtJavtBx/0VlkN/uFd61SwYmljLMDAsHlvzBQ=="],
  }
}
